{
  "name": "lottery",
  "version": "0.0.1",
  "lockfileVersion": 1,
  "requires": true,
  "dependencies": {
    "accepts": {
      "version": "1.3.7",
      "resolved": "https://registry.npm.taobao.org/accepts/download/accepts-1.3.7.tgz",
      "integrity": "sha1-UxvHJlF6OytB+FACHGzBXqq1B80=",
      "requires": {
        "mime-types": "~2.1.24",
        "negotiator": "0.6.2"
      }
    },
    "after": {
      "version": "0.8.2",
      "resolved": "https://registry.npm.taobao.org/after/download/after-0.8.2.tgz",
      "integrity": "sha1-/ts5T58OAqqXaOcCvaI7UF+ufh8="
    },
    "arraybuffer.slice": {
      "version": "0.0.7",
      "resolved": "https://registry.npm.taobao.org/arraybuffer.slice/download/arraybuffer.slice-0.0.7.tgz",
      "integrity": "sha1-O7xCdd1YTMGxCAm4nU6LY6aednU="
    },
    "async-limiter": {
      "version": "1.0.1",
      "resolved": "https://registry.npm.taobao.org/async-limiter/download/async-limiter-1.0.1.tgz",
      "integrity": "sha1-3TeelPDbgxCwgpH51kwyCXZmF/0="
    },
    "babel-runtime": {
      "version": "6.26.0",
      "resolved": "https://registry.npm.taobao.org/babel-runtime/download/babel-runtime-6.26.0.tgz",
      "integrity": "sha1-llxwWGaOgrVde/4E/yM3vItWR/4=",
      "requires": {
        "core-js": "^2.4.0",
        "regenerator-runtime": "^0.11.0"
      }
    },
    "backo2": {
      "version": "1.0.2",
      "resolved": "https://registry.npm.taobao.org/backo2/download/backo2-1.0.2.tgz",
      "integrity": "sha1-MasayLEpNjRj41s+u2n038+6eUc="
    },
    "base-x": {
      "version": "3.0.7",
      "resolved": "https://registry.npm.taobao.org/base-x/download/base-x-3.0.7.tgz?cache=0&sync_timestamp=1567650732672&other_urls=https%3A%2F%2Fregistry.npm.taobao.org%2Fbase-x%2Fdownload%2Fbase-x-3.0.7.tgz",
      "integrity": "sha1-HFp/r+j2a0EUBj6NoQJ5nU58QI8=",
      "requires": {
        "safe-buffer": "^5.0.1"
      }
    },
    "base64-arraybuffer": {
      "version": "0.1.5",
      "resolved": "https://registry.npm.taobao.org/base64-arraybuffer/download/base64-arraybuffer-0.1.5.tgz",
      "integrity": "sha1-c5JncZI7Whl0etZmqlzUv5xunOg="
    },
    "base64id": {
      "version": "1.0.0",
      "resolved": "https://registry.npm.taobao.org/base64id/download/base64id-1.0.0.tgz",
      "integrity": "sha1-R2iMuZu2gE8OBtPnY7HDLlfY5rY="
    },
    "better-assert": {
      "version": "1.0.2",
      "resolved": "https://registry.npm.taobao.org/better-assert/download/better-assert-1.0.2.tgz",
      "integrity": "sha1-QIZrnhueC1W0gYlDEeaPr/rrxSI=",
      "requires": {
        "callsite": "1.0.0"
      }
    },
    "bigi": {
      "version": "1.4.2",
      "resolved": "https://registry.npm.taobao.org/bigi/download/bigi-1.4.2.tgz",
      "integrity": "sha1-nGZalfiLiwj8Bc/XMfVhhZ1yWCU="
    },
    "blob": {
      "version": "0.0.5",
      "resolved": "https://registry.npm.taobao.org/blob/download/blob-0.0.5.tgz",
      "integrity": "sha1-1oDu7yX4zZGtUz9bAe7UjmTK9oM="
    },
    "browserify-aes": {
      "version": "1.2.0",
      "resolved": "https://registry.npm.taobao.org/browserify-aes/download/browserify-aes-1.2.0.tgz",
      "integrity": "sha1-Mmc0ZC9APavDADIJhTu3CtQo70g=",
      "requires": {
        "buffer-xor": "^1.0.3",
        "cipher-base": "^1.0.0",
        "create-hash": "^1.1.0",
        "evp_bytestokey": "^1.0.3",
        "inherits": "^2.0.1",
        "safe-buffer": "^5.0.1"
      }
    },
    "bs58": {
      "version": "4.0.1",
      "resolved": "https://registry.npm.taobao.org/bs58/download/bs58-4.0.1.tgz",
      "integrity": "sha1-vhYedsNU9veIrkBx9j806MTwpCo=",
      "requires": {
        "base-x": "^3.0.2"
      }
    },
    "buffer-writer": {
      "version": "2.0.0",
      "resolved": "https://registry.npm.taobao.org/buffer-writer/download/buffer-writer-2.0.0.tgz",
      "integrity": "sha1-zn64Gjj3gp2wnIc/L7t5LAyY7AQ="
    },
    "buffer-xor": {
      "version": "1.0.3",
      "resolved": "https://registry.npm.taobao.org/buffer-xor/download/buffer-xor-1.0.3.tgz",
      "integrity": "sha1-JuYe0UIvtw3ULm42cp7VHYVf6Nk="
    },
    "bytebuffer": {
      "version": "5.0.1",
      "resolved": "https://registry.npm.taobao.org/bytebuffer/download/bytebuffer-5.0.1.tgz",
      "integrity": "sha1-WC7qSxqHO20CCkjVjfhfC7ps/d0=",
      "requires": {
        "long": "~3"
      }
    },
    "callsite": {
      "version": "1.0.0",
      "resolved": "https://registry.npm.taobao.org/callsite/download/callsite-1.0.0.tgz",
      "integrity": "sha1-KAOY5dZkvXQDi28JBRU+borxvCA="
    },
    "cipher-base": {
      "version": "1.0.4",
      "resolved": "https://registry.npm.taobao.org/cipher-base/download/cipher-base-1.0.4.tgz",
      "integrity": "sha1-h2Dk7MJy9MNjUy+SbYdKriwTl94=",
      "requires": {
        "inherits": "^2.0.1",
        "safe-buffer": "^5.0.1"
      }
    },
    "component-bind": {
      "version": "1.0.0",
      "resolved": "https://registry.npm.taobao.org/component-bind/download/component-bind-1.0.0.tgz",
      "integrity": "sha1-AMYIq33Nk4l8AAllGx06jh5zu9E="
    },
    "component-emitter": {
      "version": "1.2.1",
      "resolved": "https://registry.npm.taobao.org/component-emitter/download/component-emitter-1.2.1.tgz",
      "integrity": "sha1-E3kY1teCg/ffemt8WmPhQOaUJeY="
    },
    "component-inherit": {
      "version": "0.0.3",
      "resolved": "https://registry.npm.taobao.org/component-inherit/download/component-inherit-0.0.3.tgz",
      "integrity": "sha1-ZF/ErfWLcrZJ1crmUTVhnbJv8UM="
    },
    "cookie": {
      "version": "0.3.1",
      "resolved": "https://registry.npm.taobao.org/cookie/download/cookie-0.3.1.tgz?cache=0&other_urls=https%3A%2F%2Fregistry.npm.taobao.org%2Fcookie%2Fdownload%2Fcookie-0.3.1.tgz",
      "integrity": "sha1-5+Ch+e9DtMi6klxcWpboBtFoc7s="
    },
    "core-js": {
      "version": "2.6.9",
      "resolved": "https://registry.npm.taobao.org/core-js/download/core-js-2.6.9.tgz",
      "integrity": "sha1-a0shRiDINBUuF5Mjcn/Bl0GwhPI="
    },
    "create-hash": {
      "version": "1.2.0",
      "resolved": "https://registry.npm.taobao.org/create-hash/download/create-hash-1.2.0.tgz",
      "integrity": "sha1-iJB4rxGmN1a8+1m9IhmWvjqe8ZY=",
      "requires": {
        "cipher-base": "^1.0.1",
        "inherits": "^2.0.1",
        "md5.js": "^1.3.4",
        "ripemd160": "^2.0.1",
        "sha.js": "^2.4.0"
      }
    },
    "create-hmac": {
      "version": "1.1.7",
      "resolved": "https://registry.npm.taobao.org/create-hmac/download/create-hmac-1.1.7.tgz",
      "integrity": "sha1-aRcMeLOrlXFHsriwRXLkfq0iQ/8=",
      "requires": {
        "cipher-base": "^1.0.3",
        "create-hash": "^1.1.0",
        "inherits": "^2.0.1",
        "ripemd160": "^2.0.0",
        "safe-buffer": "^5.0.1",
        "sha.js": "^2.4.8"
      }
    },
    "date-fns": {
      "version": "1.30.1",
      "resolved": "https://registry.npm.taobao.org/date-fns/download/date-fns-1.30.1.tgz",
      "integrity": "sha1-LnG/CxGRU9u0zE6I2epaz7UNwFw="
    },
    "debug": {
      "version": "4.1.1",
      "resolved": "https://registry.npm.taobao.org/debug/download/debug-4.1.1.tgz",
      "integrity": "sha1-O3ImAlUQnGtYnO4FDx1RYTlmR5E=",
      "requires": {
        "ms": "^2.1.1"
      }
    },
    "ecurve": {
      "version": "1.0.6",
      "resolved": "https://registry.npm.taobao.org/ecurve/download/ecurve-1.0.6.tgz",
      "integrity": "sha1-39q7txSfjYt4gWvlp9W4P89t55c=",
      "requires": {
        "bigi": "^1.1.0",
        "safe-buffer": "^5.0.1"
      }
    },
    "engine.io": {
      "version": "3.3.2",
      "resolved": "https://registry.npm.taobao.org/engine.io/download/engine.io-3.3.2.tgz",
      "integrity": "sha1-GMvItvNulGHFwPgd8rgw3hYFilk=",
      "requires": {
        "accepts": "~1.3.4",
        "base64id": "1.0.0",
        "cookie": "0.3.1",
        "debug": "~3.1.0",
        "engine.io-parser": "~2.1.0",
        "ws": "~6.1.0"
      },
      "dependencies": {
        "debug": {
          "version": "3.1.0",
          "resolved": "https://registry.npm.taobao.org/debug/download/debug-3.1.0.tgz",
          "integrity": "sha1-W7WgZyYotkFJVmuhaBnmFRjGcmE=",
          "requires": {
            "ms": "2.0.0"
          }
        },
        "ms": {
          "version": "2.0.0",
          "resolved": "https://registry.npm.taobao.org/ms/download/ms-2.0.0.tgz?cache=0&other_urls=https%3A%2F%2Fregistry.npm.taobao.org%2Fms%2Fdownload%2Fms-2.0.0.tgz",
          "integrity": "sha1-VgiurfwAvmwpAd9fmGF4jeDVl8g="
        },
        "ws": {
          "version": "6.1.4",
          "resolved": "https://registry.npm.taobao.org/ws/download/ws-6.1.4.tgz",
          "integrity": "sha1-W1yIAK+rkl6UzLKdFTyNAsF3bvk=",
          "requires": {
            "async-limiter": "~1.0.0"
          }
        }
      }
    },
    "engine.io-client": {
      "version": "3.3.2",
      "resolved": "https://registry.npm.taobao.org/engine.io-client/download/engine.io-client-3.3.2.tgz",
      "integrity": "sha1-BOBoeY11vtoUN1omS7PXQte8M6o=",
      "requires": {
        "component-emitter": "1.2.1",
        "component-inherit": "0.0.3",
        "debug": "~3.1.0",
        "engine.io-parser": "~2.1.1",
        "has-cors": "1.1.0",
        "indexof": "0.0.1",
        "parseqs": "0.0.5",
        "parseuri": "0.0.5",
        "ws": "~6.1.0",
        "xmlhttprequest-ssl": "~1.5.4",
        "yeast": "0.1.2"
      },
      "dependencies": {
        "debug": {
          "version": "3.1.0",
          "resolved": "https://registry.npm.taobao.org/debug/download/debug-3.1.0.tgz",
          "integrity": "sha1-W7WgZyYotkFJVmuhaBnmFRjGcmE=",
          "requires": {
            "ms": "2.0.0"
          }
        },
        "ms": {
          "version": "2.0.0",
          "resolved": "https://registry.npm.taobao.org/ms/download/ms-2.0.0.tgz?cache=0&other_urls=https%3A%2F%2Fregistry.npm.taobao.org%2Fms%2Fdownload%2Fms-2.0.0.tgz",
          "integrity": "sha1-VgiurfwAvmwpAd9fmGF4jeDVl8g="
        },
        "ws": {
          "version": "6.1.4",
          "resolved": "https://registry.npm.taobao.org/ws/download/ws-6.1.4.tgz",
          "integrity": "sha1-W1yIAK+rkl6UzLKdFTyNAsF3bvk=",
          "requires": {
            "async-limiter": "~1.0.0"
          }
        }
      }
    },
    "engine.io-parser": {
      "version": "2.1.3",
      "resolved": "https://registry.npm.taobao.org/engine.io-parser/download/engine.io-parser-2.1.3.tgz",
      "integrity": "sha1-dXq5cPvy37Mse3SwMyFtVznveaY=",
      "requires": {
        "after": "0.8.2",
        "arraybuffer.slice": "~0.0.7",
        "base64-arraybuffer": "0.1.5",
        "blob": "0.0.5",
        "has-binary2": "~1.0.2"
      }
    },
    "eosjs": {
      "version": "20.0.0",
      "resolved": "https://registry.npm.taobao.org/eosjs/download/eosjs-20.0.0.tgz",
      "integrity": "sha1-Q5QKv+Fc0ZHOQCfWApQDbpFGE+k=",
      "requires": {
        "babel-runtime": "6.26.0",
        "eosjs-ecc": "4.0.4",
        "text-encoding": "0.7.0"
      }
    },
    "eosjs-ecc": {
      "version": "4.0.4",
      "resolved": "https://registry.npm.taobao.org/eosjs-ecc/download/eosjs-ecc-4.0.4.tgz",
      "integrity": "sha1-QxRQ8wpvcwiP9de6Hr3+lnpcpKs=",
      "requires": {
        "bigi": "^1.4.2",
        "browserify-aes": "^1.0.6",
        "bs58": "^4.0.1",
        "bytebuffer": "^5.0.1",
        "create-hash": "^1.1.3",
        "create-hmac": "^1.1.6",
        "ecurve": "^1.0.5",
        "randombytes": "^2.0.5"
      }
    },
    "evp_bytestokey": {
      "version": "1.0.3",
      "resolved": "https://registry.npm.taobao.org/evp_bytestokey/download/evp_bytestokey-1.0.3.tgz",
      "integrity": "sha1-f8vbGY3HGVlDLv4ThCaE4FJaywI=",
      "requires": {
        "md5.js": "^1.3.4",
        "safe-buffer": "^5.1.1"
      }
    },
    "has-binary2": {
      "version": "1.0.3",
      "resolved": "https://registry.npm.taobao.org/has-binary2/download/has-binary2-1.0.3.tgz",
      "integrity": "sha1-d3asYn8+p3JQz8My2rfd9eT10R0=",
      "requires": {
        "isarray": "2.0.1"
      }
    },
    "has-cors": {
      "version": "1.1.0",
      "resolved": "https://registry.npm.taobao.org/has-cors/download/has-cors-1.1.0.tgz",
      "integrity": "sha1-XkdHk/fqmEPRu5nCPu9J/xJv/zk="
    },
    "hash-base": {
      "version": "3.0.4",
      "resolved": "https://registry.npm.taobao.org/hash-base/download/hash-base-3.0.4.tgz",
      "integrity": "sha1-X8hoaEfs1zSZQDMZprCj8/auSRg=",
      "requires": {
        "inherits": "^2.0.1",
        "safe-buffer": "^5.0.1"
      }
    },
    "indexof": {
      "version": "0.0.1",
      "resolved": "https://registry.npm.taobao.org/indexof/download/indexof-0.0.1.tgz",
      "integrity": "sha1-gtwzbSMrkGIXnQWrMpOmYFn9Q10="
    },
    "inherits": {
      "version": "2.0.4",
      "resolved": "https://registry.npm.taobao.org/inherits/download/inherits-2.0.4.tgz",
      "integrity": "sha1-D6LGT5MpF8NDOg3tVTY6rjdBa3w="
    },
    "isarray": {
      "version": "2.0.1",
      "resolved": "https://registry.npm.taobao.org/isarray/download/isarray-2.0.1.tgz?cache=0&sync_timestamp=1562592096220&other_urls=https%3A%2F%2Fregistry.npm.taobao.org%2Fisarray%2Fdownload%2Fisarray-2.0.1.tgz",
      "integrity": "sha1-o32U7ZzaLVmGXJ92/llu4fM4dB4="
    },
    "long": {
      "version": "3.2.0",
      "resolved": "https://registry.npm.taobao.org/long/download/long-3.2.0.tgz",
      "integrity": "sha1-2CG3E4yhy1gcFymQ7xTbIAtcR0s="
    },
    "md5.js": {
      "version": "1.3.5",
      "resolved": "https://registry.npm.taobao.org/md5.js/download/md5.js-1.3.5.tgz",
      "integrity": "sha1-tdB7jjIW4+J81yjXL3DR5qNCAF8=",
      "requires": {
        "hash-base": "^3.0.0",
        "inherits": "^2.0.1",
        "safe-buffer": "^5.1.2"
      }
    },
    "mime-db": {
      "version": "1.40.0",
      "resolved": "https://registry.npm.taobao.org/mime-db/download/mime-db-1.40.0.tgz?cache=0&other_urls=https%3A%2F%2Fregistry.npm.taobao.org%2Fmime-db%2Fdownload%2Fmime-db-1.40.0.tgz",
      "integrity": "sha1-plBX6ZjbCQ9zKmj2wnbTh9QSbDI="
    },
    "mime-types": {
      "version": "2.1.24",
      "resolved": "https://registry.npm.taobao.org/mime-types/download/mime-types-2.1.24.tgz",
      "integrity": "sha1-tvjQs+lR77d97eyhlM/20W9nb4E=",
      "requires": {
        "mime-db": "1.40.0"
      }
    },
    "ms": {
      "version": "2.1.2",
      "resolved": "https://registry.npm.taobao.org/ms/download/ms-2.1.2.tgz?cache=0&other_urls=https%3A%2F%2Fregistry.npm.taobao.org%2Fms%2Fdownload%2Fms-2.1.2.tgz",
      "integrity": "sha1-0J0fNXtEP0kzgqjrPM0YOHKuYAk="
    },
    "negotiator": {
      "version": "0.6.2",
      "resolved": "https://registry.npm.taobao.org/negotiator/download/negotiator-0.6.2.tgz",
      "integrity": "sha1-/qz3zPUlp3rpY0Q2pkiD/+yjRvs="
    },
    "node-fetch": {
      "version": "2.6.1",
      "resolved": "https://registry.npmjs.org/node-fetch/-/node-fetch-2.6.1.tgz",
      "integrity": "sha512-V4aYg89jEoVRxRb2fJdAg8FHvI7cEyYdVAh94HH0UIK8oJxUfkjlDQN9RbMx+bEjP7+ggMiFRprSti032Oipxw=="
    },
    "object-component": {
      "version": "0.0.3",
      "resolved": "https://registry.npm.taobao.org/object-component/download/object-component-0.0.3.tgz",
      "integrity": "sha1-8MaapQ78lbhmwYb0AKM3acsvEpE="
    },
    "packet-reader": {
      "version": "1.0.0",
      "resolved": "https://registry.npm.taobao.org/packet-reader/download/packet-reader-1.0.0.tgz",
      "integrity": "sha1-kjjlSA3tq6z+H+PydxBj8WQVfXQ="
    },
    "parseqs": {
      "version": "0.0.5",
      "resolved": "https://registry.npm.taobao.org/parseqs/download/parseqs-0.0.5.tgz",
      "integrity": "sha1-1SCKNzjkZ2bikbouoXNoSSGouJ0=",
      "requires": {
        "better-assert": "~1.0.0"
      }
    },
    "parseuri": {
      "version": "0.0.5",
      "resolved": "https://registry.npm.taobao.org/parseuri/download/parseuri-0.0.5.tgz",
      "integrity": "sha1-gCBKUNTbt3m/3G6+J3jZDkvOMgo=",
      "requires": {
        "better-assert": "~1.0.0"
      }
    },
    "pg": {
      "version": "7.12.1",
      "resolved": "https://registry.npm.taobao.org/pg/download/pg-7.12.1.tgz",
      "integrity": "sha1-iAY21G0u++CWjmTp/g7uzo73Kn4=",
      "requires": {
        "buffer-writer": "2.0.0",
        "packet-reader": "1.0.0",
        "pg-connection-string": "0.1.3",
        "pg-pool": "^2.0.4",
        "pg-types": "^2.1.0",
        "pgpass": "1.x",
        "semver": "4.3.2"
      }
    },
    "pg-connection-string": {
      "version": "0.1.3",
      "resolved": "https://registry.npm.taobao.org/pg-connection-string/download/pg-connection-string-0.1.3.tgz?cache=0&other_urls=https%3A%2F%2Fregistry.npm.taobao.org%2Fpg-connection-string%2Fdownload%2Fpg-connection-string-0.1.3.tgz",
      "integrity": "sha1-2hhHsglA5C7hSSvq9l1J2RskXfc="
    },
    "pg-int8": {
      "version": "1.0.1",
      "resolved": "https://registry.npm.taobao.org/pg-int8/download/pg-int8-1.0.1.tgz",
      "integrity": "sha1-lDvUY79bcbQXARX4D478mgwOt4w="
    },
    "pg-pool": {
      "version": "2.0.7",
      "resolved": "https://registry.npm.taobao.org/pg-pool/download/pg-pool-2.0.7.tgz?cache=0&sync_timestamp=1564078172513&other_urls=https%3A%2F%2Fregistry.npm.taobao.org%2Fpg-pool%2Fdownload%2Fpg-pool-2.0.7.tgz",
      "integrity": "sha1-8U7KuDUHlBBiwxPfI/atzZ/QzlQ="
    },
    "pg-types": {
      "version": "2.2.0",
      "resolved": "https://registry.npm.taobao.org/pg-types/download/pg-types-2.2.0.tgz",
      "integrity": "sha1-LQJQ1jZFT3z6O2rgOC/fqAYyVKM=",
      "requires": {
        "pg-int8": "1.0.1",
        "postgres-array": "~2.0.0",
        "postgres-bytea": "~1.0.0",
        "postgres-date": "~1.0.4",
        "postgres-interval": "^1.1.0"
      }
    },
    "pgpass": {
      "version": "1.0.2",
      "resolved": "https://registry.npm.taobao.org/pgpass/download/pgpass-1.0.2.tgz",
      "integrity": "sha1-Knu0G2BltnkH6R2hsHwYR8h3swY=",
      "requires": {
        "split": "^1.0.0"
      }
    },
    "postgres-array": {
      "version": "2.0.0",
      "resolved": "https://registry.npm.taobao.org/postgres-array/download/postgres-array-2.0.0.tgz",
      "integrity": "sha1-SPj84FT7xpZxmZMpuINLdyZS2C4="
    },
    "postgres-bytea": {
      "version": "1.0.0",
      "resolved": "https://registry.npm.taobao.org/postgres-bytea/download/postgres-bytea-1.0.0.tgz",
      "integrity": "sha1-AntTPAqokOJtFy1Hz5zOzFIazTU="
    },
    "postgres-date": {
      "version": "1.0.4",
      "resolved": "https://registry.npm.taobao.org/postgres-date/download/postgres-date-1.0.4.tgz",
      "integrity": "sha1-HCco1i7xv/SavdNcH4bUvfEYpyg="
    },
    "postgres-interval": {
      "version": "1.2.0",
      "resolved": "https://registry.npm.taobao.org/postgres-interval/download/postgres-interval-1.2.0.tgz",
      "integrity": "sha1-tGDILLFYdQd4iBmgaqD//bNURpU=",
      "requires": {
        "xtend": "^4.0.0"
      }
    },
    "randombytes": {
      "version": "2.1.0",
      "resolved": "https://registry.npm.taobao.org/randombytes/download/randombytes-2.1.0.tgz",
      "integrity": "sha1-32+ENy8CcNxlzfYpE0mrekc9Tyo=",
      "requires": {
        "safe-buffer": "^5.1.0"
      }
    },
    "regenerator-runtime": {
      "version": "0.11.1",
      "resolved": "https://registry.npm.taobao.org/regenerator-runtime/download/regenerator-runtime-0.11.1.tgz?cache=0&other_urls=https%3A%2F%2Fregistry.npm.taobao.org%2Fregenerator-runtime%2Fdownload%2Fregenerator-runtime-0.11.1.tgz",
      "integrity": "sha1-vgWtf5v30i4Fb5cmzuUBf78Z4uk="
    },
    "ripemd160": {
      "version": "2.0.2",
      "resolved": "https://registry.npm.taobao.org/ripemd160/download/ripemd160-2.0.2.tgz",
      "integrity": "sha1-ocGm9iR1FXe6XQeRTLyShQWFiQw=",
      "requires": {
        "hash-base": "^3.0.0",
        "inherits": "^2.0.1"
      }
    },
    "safe-buffer": {
      "version": "5.2.0",
      "resolved": "https://registry.npm.taobao.org/safe-buffer/download/safe-buffer-5.2.0.tgz",
      "integrity": "sha1-t02uxJsRSPiMZLaNSbHoFcHy9Rk="
    },
    "semver": {
      "version": "4.3.2",
      "resolved": "https://registry.npm.taobao.org/semver/download/semver-4.3.2.tgz?cache=0&sync_timestamp=1565627380363&other_urls=https%3A%2F%2Fregistry.npm.taobao.org%2Fsemver%2Fdownload%2Fsemver-4.3.2.tgz",
      "integrity": "sha1-x6BxWKgL7dBSNVt3DYLWZA+AO+c="
    },
    "sha.js": {
      "version": "2.4.11",
      "resolved": "https://registry.npm.taobao.org/sha.js/download/sha.js-2.4.11.tgz?cache=0&other_urls=https%3A%2F%2Fregistry.npm.taobao.org%2Fsha.js%2Fdownload%2Fsha.js-2.4.11.tgz",
      "integrity": "sha1-N6XPC4HsvGlD3hCbopYNGyZYSuc=",
      "requires": {
        "inherits": "^2.0.1",
        "safe-buffer": "^5.0.1"
      }
    },
    "socket.io": {
      "version": "2.2.0",
      "resolved": "https://registry.npm.taobao.org/socket.io/download/socket.io-2.2.0.tgz",
      "integrity": "sha1-8PYzFh72cSyXKzB1mOzQjJsbTVs=",
      "requires": {
        "debug": "~4.1.0",
        "engine.io": "~3.3.1",
        "has-binary2": "~1.0.2",
        "socket.io-adapter": "~1.1.0",
        "socket.io-client": "2.2.0",
        "socket.io-parser": "~3.3.0"
      }
    },
    "socket.io-adapter": {
      "version": "1.1.1",
      "resolved": "https://registry.npm.taobao.org/socket.io-adapter/download/socket.io-adapter-1.1.1.tgz",
      "integrity": "sha1-KoBeihTWNyEk3ZFZrUUC+MsH8Gs="
    },
    "socket.io-client": {
      "version": "2.2.0",
      "resolved": "https://registry.npm.taobao.org/socket.io-client/download/socket.io-client-2.2.0.tgz",
      "integrity": "sha1-hOc+48Q9UCDMwaJY+u65rsJyOvc=",
      "requires": {
        "backo2": "1.0.2",
        "base64-arraybuffer": "0.1.5",
        "component-bind": "1.0.0",
        "component-emitter": "1.2.1",
        "debug": "~3.1.0",
        "engine.io-client": "~3.3.1",
        "has-binary2": "~1.0.2",
        "has-cors": "1.1.0",
        "indexof": "0.0.1",
        "object-component": "0.0.3",
        "parseqs": "0.0.5",
        "parseuri": "0.0.5",
        "socket.io-parser": "~3.3.0",
        "to-array": "0.1.4"
      },
      "dependencies": {
        "debug": {
          "version": "3.1.0",
          "resolved": "https://registry.npm.taobao.org/debug/download/debug-3.1.0.tgz",
          "integrity": "sha1-W7WgZyYotkFJVmuhaBnmFRjGcmE=",
          "requires": {
            "ms": "2.0.0"
          }
        },
        "ms": {
          "version": "2.0.0",
          "resolved": "https://registry.npm.taobao.org/ms/download/ms-2.0.0.tgz?cache=0&other_urls=https%3A%2F%2Fregistry.npm.taobao.org%2Fms%2Fdownload%2Fms-2.0.0.tgz",
          "integrity": "sha1-VgiurfwAvmwpAd9fmGF4jeDVl8g="
        }
      }
    },
    "socket.io-parser": {
      "version": "3.3.0",
      "resolved": "https://registry.npm.taobao.org/socket.io-parser/download/socket.io-parser-3.3.0.tgz",
      "integrity": "sha1-K1KpalCf3zFEC6QP7WCUx9TxJi8=",
      "requires": {
        "component-emitter": "1.2.1",
        "debug": "~3.1.0",
        "isarray": "2.0.1"
      },
      "dependencies": {
        "debug": {
          "version": "3.1.0",
          "resolved": "https://registry.npm.taobao.org/debug/download/debug-3.1.0.tgz",
          "integrity": "sha1-W7WgZyYotkFJVmuhaBnmFRjGcmE=",
          "requires": {
            "ms": "2.0.0"
          }
        },
        "ms": {
          "version": "2.0.0",
          "resolved": "https://registry.npm.taobao.org/ms/download/ms-2.0.0.tgz?cache=0&other_urls=https%3A%2F%2Fregistry.npm.taobao.org%2Fms%2Fdownload%2Fms-2.0.0.tgz",
          "integrity": "sha1-VgiurfwAvmwpAd9fmGF4jeDVl8g="
        }
      }
    },
    "split": {
      "version": "1.0.1",
      "resolved": "https://registry.npm.taobao.org/split/download/split-1.0.1.tgz",
      "integrity": "sha1-YFvZvjA6pZ+zX5Ip++oN3snqB9k=",
      "requires": {
        "through": "2"
      }
    },
    "text-encoding": {
      "version": "0.7.0",
      "resolved": "https://registry.npm.taobao.org/text-encoding/download/text-encoding-0.7.0.tgz",
      "integrity": "sha1-+JXoNuRZkGJAhmAXmOqY6PNu5kM="
    },
    "through": {
      "version": "2.3.8",
      "resolved": "https://registry.npm.taobao.org/through/download/through-2.3.8.tgz",
      "integrity": "sha1-DdTJ/6q8NXlgsbckEV1+Doai4fU="
    },
    "to-array": {
      "version": "0.1.4",
      "resolved": "https://registry.npm.taobao.org/to-array/download/to-array-0.1.4.tgz",
      "integrity": "sha1-F+bBH3PdTz10zaek/zI46a2b+JA="
    },
    "ws": {
      "version": "6.2.1",
      "resolved": "https://registry.npm.taobao.org/ws/download/ws-6.2.1.tgz",
      "integrity": "sha1-RC/fCkftZPWbal2P8TD0dI7VJPs=",
      "requires": {
        "async-limiter": "~1.0.0"
      }
    },
    "xmlhttprequest-ssl": {
      "version": "1.5.5",
      "resolved": "https://registry.npm.taobao.org/xmlhttprequest-ssl/download/xmlhttprequest-ssl-1.5.5.tgz?cache=0&sync_timestamp=1564594177335&other_urls=https%3A%2F%2Fregistry.npm.taobao.org%2Fxmlhttprequest-ssl%2Fdownload%2Fxmlhttprequest-ssl-1.5.5.tgz",
      "integrity": "sha1-wodrBhaKrcQOV9l+gRkayPQ5iz4="
    },
    "xtend": {
      "version": "4.0.2",
      "resolved": "https://registry.npm.taobao.org/xtend/download/xtend-4.0.2.tgz",
      "integrity": "sha1-u3J3n1+kZRhrH0OPZ0+jR/2121Q="
    },
    "yeast": {
      "version": "0.1.2",
      "resolved": "https://registry.npm.taobao.org/yeast/download/yeast-0.1.2.tgz",
      "integrity": "sha1-AI4G2AlDIMNy28L47XagymyKxBk="
    }
  }
}
